// !$*UTF8*$!
{
	archiveVersion = 1;
	classes = {
	};
	objectVersion = 48;
	objects = {

/* Begin PBXBuildFile section */
		111538841FC5088D00F45393 /* AppDelegate.m in Sources */ = {isa = PBXBuildFile; fileRef = 111538831FC5088D00F45393 /* AppDelegate.m */; };
		111538871FC5088D00F45393 /* ViewController.m in Sources */ = {isa = PBXBuildFile; fileRef = 111538861FC5088D00F45393 /* ViewController.m */; };
		1115388A1FC5088D00F45393 /* Main.storyboard in Resources */ = {isa = PBXBuildFile; fileRef = 111538881FC5088D00F45393 /* Main.storyboard */; };
		1115388C1FC5088D00F45393 /* Assets.xcassets in Resources */ = {isa = PBXBuildFile; fileRef = 1115388B1FC5088D00F45393 /* Assets.xcassets */; };
		1115388F1FC5088D00F45393 /* LaunchScreen.storyboard in Resources */ = {isa = PBXBuildFile; fileRef = 1115388D1FC5088D00F45393 /* LaunchScreen.storyboard */; };
		111538921FC5088D00F45393 /* main.m in Sources */ = {isa = PBXBuildFile; fileRef = 111538911FC5088D00F45393 /* main.m */; };
		1115389C1FC5088D00F45393 /* _______Tests.m in Sources */ = {isa = PBXBuildFile; fileRef = 1115389B1FC5088D00F45393 /* _______Tests.m */; };
		111538A71FC5088D00F45393 /* _______UITests.m in Sources */ = {isa = PBXBuildFile; fileRef = 111538A61FC5088D00F45393 /* _______UITests.m */; };
		11A796271FC5091700B5B13A /* UIView+views.m in Sources */ = {isa = PBXBuildFile; fileRef = 11A796261FC5091700B5B13A /* UIView+views.m */; };
		11A796301FC50AF200B5B13A /* JQFormTableView.m in Sources */ = {isa = PBXBuildFile; fileRef = 11A7962F1FC50AF200B5B13A /* JQFormTableView.m */; };
		11A796341FC50C1200B5B13A /* JQFormCell.m in Sources */ = {isa = PBXBuildFile; fileRef = 11A796321FC50C1200B5B13A /* JQFormCell.m */; };
		11A796351FC50C1200B5B13A /* JQFormCell.xib in Resources */ = {isa = PBXBuildFile; fileRef = 11A796331FC50C1200B5B13A /* JQFormCell.xib */; };
		11A796381FC50F1500B5B13A /* JQBtnView.m in Sources */ = {isa = PBXBuildFile; fileRef = 11A796371FC50F1500B5B13A /* JQBtnView.m */; };
		11A7963B1FC5111100B5B13A /* JQFormModel.m in Sources */ = {isa = PBXBuildFile; fileRef = 11A7963A1FC5111100B5B13A /* JQFormModel.m */; };
		11A796411FC5175900B5B13A /* JQLineButton.m in Sources */ = {isa = PBXBuildFile; fileRef = 11A796401FC5175900B5B13A /* JQLineButton.m */; };
		11A796441FC5429000B5B13A /* NSString+Extension.m in Sources */ = {isa = PBXBuildFile; fileRef = 11A796421FC5429000B5B13A /* NSString+Extension.m */; };
		CBA0FA6EECF986B19875B6D7 /* libPods-自定义表格列数.a in Frameworks */ = {isa = PBXBuildFile; fileRef = 113801DFCDC72B55417696D1 /* libPods-自定义表格列数.a */; };
/* End PBXBuildFile section */

/* Begin PBXContainerItemProxy section */
		111538981FC5088D00F45393 /* PBXContainerItemProxy */ = {
			isa = PBXContainerItemProxy;
			containerPortal = 111538771FC5088D00F45393 /* Project object */;
			proxyType = 1;
			remoteGlobalIDString = 1115387E1FC5088D00F45393;
			remoteInfo = "自定义表格列数";
		};
		111538A31FC5088D00F45393 /* PBXContainerItemProxy */ = {
			isa = PBXContainerItemProxy;
			containerPortal = 111538771FC5088D00F45393 /* Project object */;
			proxyType = 1;
			remoteGlobalIDString = 1115387E1FC5088D00F45393;
			remoteInfo = "自定义表格列数";
		};
/* End PBXContainerItemProxy section */

/* Begin PBXFileReference section */
		1115387F1FC5088D00F45393 /* 自定义表格列数.app */ = {isa = PBXFileReference; explicitFileType = wrapper.application; includeInIndex = 0; path = "自定义表格列数.app"; sourceTree = BUILT_PRODUCTS_DIR; };
		111538821FC5088D00F45393 /* AppDelegate.h */ = {isa = PBXFileReference; lastKnownFileType = sourcecode.c.h; path = AppDelegate.h; sourceTree = "<group>"; };
		111538831FC5088D00F45393 /* AppDelegate.m */ = {isa = PBXFileReference; lastKnownFileType = sourcecode.c.objc; path = AppDelegate.m; sourceTree = "<group>"; };
		111538851FC5088D00F45393 /* ViewController.h */ = {isa = PBXFileReference; lastKnownFileType = sourcecode.c.h; path = ViewController.h; sourceTree = "<group>"; };
		111538861FC5088D00F45393 /* ViewController.m */ = {isa = PBXFileReference; lastKnownFileType = sourcecode.c.objc; path = ViewController.m; sourceTree = "<group>"; };
		111538891FC5088D00F45393 /* Base */ = {isa = PBXFileReference; lastKnownFileType = file.storyboard; name = Base; path = Base.lproj/Main.storyboard; sourceTree = "<group>"; };
		1115388B1FC5088D00F45393 /* Assets.xcassets */ = {isa = PBXFileReference; lastKnownFileType = folder.assetcatalog; path = Assets.xcassets; sourceTree = "<group>"; };
		1115388E1FC5088D00F45393 /* Base */ = {isa = PBXFileReference; lastKnownFileType = file.storyboard; name = Base; path = Base.lproj/LaunchScreen.storyboard; sourceTree = "<group>"; };
		111538901FC5088D00F45393 /* Info.plist */ = {isa = PBXFileReference; lastKnownFileType = text.plist.xml; path = Info.plist; sourceTree = "<group>"; };
		111538911FC5088D00F45393 /* main.m */ = {isa = PBXFileReference; lastKnownFileType = sourcecode.c.objc; path = main.m; sourceTree = "<group>"; };
		111538971FC5088D00F45393 /* 自定义表格列数Tests.xctest */ = {isa = PBXFileReference; explicitFileType = wrapper.cfbundle; includeInIndex = 0; path = "自定义表格列数Tests.xctest"; sourceTree = BUILT_PRODUCTS_DIR; };
		1115389B1FC5088D00F45393 /* _______Tests.m */ = {isa = PBXFileReference; lastKnownFileType = sourcecode.c.objc; path = "_______Tests.m"; sourceTree = "<group>"; };
		1115389D1FC5088D00F45393 /* Info.plist */ = {isa = PBXFileReference; lastKnownFileType = text.plist.xml; path = Info.plist; sourceTree = "<group>"; };
		111538A21FC5088D00F45393 /* 自定义表格列数UITests.xctest */ = {isa = PBXFileReference; explicitFileType = wrapper.cfbundle; includeInIndex = 0; path = "自定义表格列数UITests.xctest"; sourceTree = BUILT_PRODUCTS_DIR; };
		111538A61FC5088D00F45393 /* _______UITests.m */ = {isa = PBXFileReference; lastKnownFileType = sourcecode.c.objc; path = "_______UITests.m"; sourceTree = "<group>"; };
		111538A81FC5088D00F45393 /* Info.plist */ = {isa = PBXFileReference; lastKnownFileType = text.plist.xml; path = Info.plist; sourceTree = "<group>"; };
		113801DFCDC72B55417696D1 /* libPods-自定义表格列数.a */ = {isa = PBXFileReference; explicitFileType = archive.ar; includeInIndex = 0; path = "libPods-自定义表格列数.a"; sourceTree = BUILT_PRODUCTS_DIR; };
		11A796251FC5091700B5B13A /* UIView+views.h */ = {isa = PBXFileReference; fileEncoding = 4; lastKnownFileType = sourcecode.c.h; path = "UIView+views.h"; sourceTree = "<group>"; };
		11A796261FC5091700B5B13A /* UIView+views.m */ = {isa = PBXFileReference; fileEncoding = 4; lastKnownFileType = sourcecode.c.objc; path = "UIView+views.m"; sourceTree = "<group>"; };
		11A796281FC5092200B5B13A /* PrefixHeader.pch */ = {isa = PBXFileReference; lastKnownFileType = sourcecode.c.h; path = PrefixHeader.pch; sourceTree = "<group>"; };
		11A7962E1FC50AF200B5B13A /* JQFormTableView.h */ = {isa = PBXFileReference; lastKnownFileType = sourcecode.c.h; path = JQFormTableView.h; sourceTree = "<group>"; };
		11A7962F1FC50AF200B5B13A /* JQFormTableView.m */ = {isa = PBXFileReference; lastKnownFileType = sourcecode.c.objc; path = JQFormTableView.m; sourceTree = "<group>"; };
		11A796311FC50C1200B5B13A /* JQFormCell.h */ = {isa = PBXFileReference; lastKnownFileType = sourcecode.c.h; path = JQFormCell.h; sourceTree = "<group>"; };
		11A796321FC50C1200B5B13A /* JQFormCell.m */ = {isa = PBXFileReference; lastKnownFileType = sourcecode.c.objc; path = JQFormCell.m; sourceTree = "<group>"; };
		11A796331FC50C1200B5B13A /* JQFormCell.xib */ = {isa = PBXFileReference; lastKnownFileType = file.xib; path = JQFormCell.xib; sourceTree = "<group>"; };
		11A796361FC50F1500B5B13A /* JQBtnView.h */ = {isa = PBXFileReference; lastKnownFileType = sourcecode.c.h; path = JQBtnView.h; sourceTree = "<group>"; };
		11A796371FC50F1500B5B13A /* JQBtnView.m */ = {isa = PBXFileReference; lastKnownFileType = sourcecode.c.objc; path = JQBtnView.m; sourceTree = "<group>"; };
		11A796391FC5111100B5B13A /* JQFormModel.h */ = {isa = PBXFileReference; lastKnownFileType = sourcecode.c.h; path = JQFormModel.h; sourceTree = "<group>"; };
		11A7963A1FC5111100B5B13A /* JQFormModel.m */ = {isa = PBXFileReference; lastKnownFileType = sourcecode.c.objc; path = JQFormModel.m; sourceTree = "<group>"; };
		11A7963F1FC5175900B5B13A /* JQLineButton.h */ = {isa = PBXFileReference; lastKnownFileType = sourcecode.c.h; path = JQLineButton.h; sourceTree = "<group>"; };
		11A796401FC5175900B5B13A /* JQLineButton.m */ = {isa = PBXFileReference; lastKnownFileType = sourcecode.c.objc; path = JQLineButton.m; sourceTree = "<group>"; };
		11A796421FC5429000B5B13A /* NSString+Extension.m */ = {isa = PBXFileReference; fileEncoding = 4; lastKnownFileType = sourcecode.c.objc; path = "NSString+Extension.m"; sourceTree = "<group>"; };
		11A796431FC5429000B5B13A /* NSString+Extension.h */ = {isa = PBXFileReference; fileEncoding = 4; lastKnownFileType = sourcecode.c.h; path = "NSString+Extension.h"; sourceTree = "<group>"; };
		3E8EC698F8974544656C720F /* Pods-自定义表格列数.release.xcconfig */ = {isa = PBXFileReference; includeInIndex = 1; lastKnownFileType = text.xcconfig; name = "Pods-自定义表格列数.release.xcconfig"; path = "Pods/Target Support Files/Pods-自定义表格列数/Pods-自定义表格列数.release.xcconfig"; sourceTree = "<group>"; };
		F5038876FC4C20B5466B1DBF /* Pods-自定义表格列数.debug.xcconfig */ = {isa = PBXFileReference; includeInIndex = 1; lastKnownFileType = text.xcconfig; name = "Pods-自定义表格列数.debug.xcconfig"; path = "Pods/Target Support Files/Pods-自定义表格列数/Pods-自定义表格列数.debug.xcconfig"; sourceTree = "<group>"; };
/* End PBXFileReference section */

/* Begin PBXFrameworksBuildPhase section */
		1115387C1FC5088D00F45393 /* Frameworks */ = {
			isa = PBXFrameworksBuildPhase;
			buildActionMask = 2147483647;
			files = (
				CBA0FA6EECF986B19875B6D7 /* libPods-自定义表格列数.a in Frameworks */,
			);
			runOnlyForDeploymentPostprocessing = 0;
		};
		111538941FC5088D00F45393 /* Frameworks */ = {
			isa = PBXFrameworksBuildPhase;
			buildActionMask = 2147483647;
			files = (
			);
			runOnlyForDeploymentPostprocessing = 0;
		};
		1115389F1FC5088D00F45393 /* Frameworks */ = {
			isa = PBXFrameworksBuildPhase;
			buildActionMask = 2147483647;
			files = (
			);
			runOnlyForDeploymentPostprocessing = 0;
		};
/* End PBXFrameworksBuildPhase section */

/* Begin PBXGroup section */
		111538761FC5088D00F45393 = {
			isa = PBXGroup;
			children = (
				11A796431FC5429000B5B13A /* NSString+Extension.h */,
				11A796421FC5429000B5B13A /* NSString+Extension.m */,
				11A796281FC5092200B5B13A /* PrefixHeader.pch */,
				111538811FC5088D00F45393 /* 自定义表格列数 */,
				1115389A1FC5088D00F45393 /* 自定义表格列数Tests */,
				111538A51FC5088D00F45393 /* 自定义表格列数UITests */,
				111538801FC5088D00F45393 /* Products */,
				CF89FB0410AB4A2F431EAD7B /* Pods */,
				6E1A61B275924FC47373EDCA /* Frameworks */,
			);
			sourceTree = "<group>";
		};
		111538801FC5088D00F45393 /* Products */ = {
			isa = PBXGroup;
			children = (
				1115387F1FC5088D00F45393 /* 自定义表格列数.app */,
				111538971FC5088D00F45393 /* 自定义表格列数Tests.xctest */,
				111538A21FC5088D00F45393 /* 自定义表格列数UITests.xctest */,
			);
			name = Products;
			sourceTree = "<group>";
		};
		111538811FC5088D00F45393 /* 自定义表格列数 */ = {
			isa = PBXGroup;
			children = (
				11A796251FC5091700B5B13A /* UIView+views.h */,
				11A796261FC5091700B5B13A /* UIView+views.m */,
				111538821FC5088D00F45393 /* AppDelegate.h */,
				111538831FC5088D00F45393 /* AppDelegate.m */,
				111538851FC5088D00F45393 /* ViewController.h */,
				111538861FC5088D00F45393 /* ViewController.m */,
				11A796391FC5111100B5B13A /* JQFormModel.h */,
				11A7963A1FC5111100B5B13A /* JQFormModel.m */,
				11A7962E1FC50AF200B5B13A /* JQFormTableView.h */,
				11A7962F1FC50AF200B5B13A /* JQFormTableView.m */,
				11A796311FC50C1200B5B13A /* JQFormCell.h */,
				11A796321FC50C1200B5B13A /* JQFormCell.m */,
				11A796331FC50C1200B5B13A /* JQFormCell.xib */,
				11A796361FC50F1500B5B13A /* JQBtnView.h */,
				11A796371FC50F1500B5B13A /* JQBtnView.m */,
				11A7963F1FC5175900B5B13A /* JQLineButton.h */,
				11A796401FC5175900B5B13A /* JQLineButton.m */,
				111538881FC5088D00F45393 /* Main.storyboard */,
				1115388B1FC5088D00F45393 /* Assets.xcassets */,
				1115388D1FC5088D00F45393 /* LaunchScreen.storyboard */,
				111538901FC5088D00F45393 /* Info.plist */,
				111538911FC5088D00F45393 /* main.m */,
			);
			path = "自定义表格列数";
			sourceTree = "<group>";
		};
		1115389A1FC5088D00F45393 /* 自定义表格列数Tests */ = {
			isa = PBXGroup;
			children = (
				1115389B1FC5088D00F45393 /* _______Tests.m */,
				1115389D1FC5088D00F45393 /* Info.plist */,
			);
			path = "自定义表格列数Tests";
			sourceTree = "<group>";
		};
		111538A51FC5088D00F45393 /* 自定义表格列数UITests */ = {
			isa = PBXGroup;
			children = (
				111538A61FC5088D00F45393 /* _______UITests.m */,
				111538A81FC5088D00F45393 /* Info.plist */,
			);
			path = "自定义表格列数UITests";
			sourceTree = "<group>";
		};
		6E1A61B275924FC47373EDCA /* Frameworks */ = {
			isa = PBXGroup;
			children = (
				113801DFCDC72B55417696D1 /* libPods-自定义表格列数.a */,
			);
			name = Frameworks;
			sourceTree = "<group>";
		};
		CF89FB0410AB4A2F431EAD7B /* Pods */ = {
			isa = PBXGroup;
			children = (
				F5038876FC4C20B5466B1DBF /* Pods-自定义表格列数.debug.xcconfig */,
				3E8EC698F8974544656C720F /* Pods-自定义表格列数.release.xcconfig */,
			);
			name = Pods;
			sourceTree = "<group>";
		};
/* End PBXGroup section */

/* Begin PBXNativeTarget section */
		1115387E1FC5088D00F45393 /* 自定义表格列数 */ = {
			isa = PBXNativeTarget;
			buildConfigurationList = 111538AB1FC5088D00F45393 /* Build configuration list for PBXNativeTarget "自定义表格列数" */;
			buildPhases = (
				95B6C592D758B8771C16B00F /* [CP] Check Pods Manifest.lock */,
				1115387B1FC5088D00F45393 /* Sources */,
				1115387C1FC5088D00F45393 /* Frameworks */,
				1115387D1FC5088D00F45393 /* Resources */,
				DD8E2FD49384908F1145CAB4 /* [CP] Embed Pods Frameworks */,
				93384317CDDD799AFC76794E /* [CP] Copy Pods Resources */,
			);
			buildRules = (
			);
			dependencies = (
			);
			name = "自定义表格列数";
			productName = "自定义表格列数";
			productReference = 1115387F1FC5088D00F45393 /* 自定义表格列数.app */;
			productType = "com.apple.product-type.application";
		};
		111538961FC5088D00F45393 /* 自定义表格列数Tests */ = {
			isa = PBXNativeTarget;
			buildConfigurationList = 111538AE1FC5088D00F45393 /* Build configuration list for PBXNativeTarget "自定义表格列数Tests" */;
			buildPhases = (
				111538931FC5088D00F45393 /* Sources */,
				111538941FC5088D00F45393 /* Frameworks */,
				111538951FC5088D00F45393 /* Resources */,
			);
			buildRules = (
			);
			dependencies = (
				111538991FC5088D00F45393 /* PBXTargetDependency */,
			);
			name = "自定义表格列数Tests";
			productName = "自定义表格列数Tests";
			productReference = 111538971FC5088D00F45393 /* 自定义表格列数Tests.xctest */;
			productType = "com.apple.product-type.bundle.unit-test";
		};
		111538A11FC5088D00F45393 /* 自定义表格列数UITests */ = {
			isa = PBXNativeTarget;
			buildConfigurationList = 111538B11FC5088D00F45393 /* Build configuration list for PBXNativeTarget "自定义表格列数UITests" */;
			buildPhases = (
				1115389E1FC5088D00F45393 /* Sources */,
				1115389F1FC5088D00F45393 /* Frameworks */,
				111538A01FC5088D00F45393 /* Resources */,
			);
			buildRules = (
			);
			dependencies = (
				111538A41FC5088D00F45393 /* PBXTargetDependency */,
			);
			name = "自定义表格列数UITests";
			productName = "自定义表格列数UITests";
			productReference = 111538A21FC5088D00F45393 /* 自定义表格列数UITests.xctest */;
			productType = "com.apple.product-type.bundle.ui-testing";
		};
/* End PBXNativeTarget section */

/* Begin PBXProject section */
		111538771FC5088D00F45393 /* Project object */ = {
			isa = PBXProject;
			attributes = {
				LastUpgradeCheck = 0900;
				ORGANIZATIONNAME = "韩军强";
				TargetAttributes = {
					1115387E1FC5088D00F45393 = {
						CreatedOnToolsVersion = 9.0.1;
						ProvisioningStyle = Automatic;
					};
					111538961FC5088D00F45393 = {
						CreatedOnToolsVersion = 9.0.1;
						ProvisioningStyle = Automatic;
						TestTargetID = 1115387E1FC5088D00F45393;
					};
					111538A11FC5088D00F45393 = {
						CreatedOnToolsVersion = 9.0.1;
						ProvisioningStyle = Automatic;
						TestTargetID = 1115387E1FC5088D00F45393;
					};
				};
			};
			buildConfigurationList = 1115387A1FC5088D00F45393 /* Build configuration list for PBXProject "自定义表格列数" */;
			compatibilityVersion = "Xcode 8.0";
			developmentRegion = en;
			hasScannedForEncodings = 0;
			knownRegions = (
				en,
				Base,
			);
			mainGroup = 111538761FC5088D00F45393;
			productRefGroup = 111538801FC5088D00F45393 /* Products */;
			projectDirPath = "";
			projectRoot = "";
			targets = (
				1115387E1FC5088D00F45393 /* 自定义表格列数 */,
				111538961FC5088D00F45393 /* 自定义表格列数Tests */,
				111538A11FC5088D00F45393 /* 自定义表格列数UITests */,
			);
		};
/* End PBXProject section */

/* Begin PBXResourcesBuildPhase section */
		1115387D1FC5088D00F45393 /* Resources */ = {
			isa = PBXResourcesBuildPhase;
			buildActionMask = 2147483647;
			files = (
				1115388F1FC5088D00F45393 /* LaunchScreen.storyboard in Resources */,
				1115388C1FC5088D00F45393 /* Assets.xcassets in Resources */,
				1115388A1FC5088D00F45393 /* Main.storyboard in Resources */,
				11A796351FC50C1200B5B13A /* JQFormCell.xib in Resources */,
			);
			runOnlyForDeploymentPostprocessing = 0;
		};
		111538951FC5088D00F45393 /* Resources */ = {
			isa = PBXResourcesBuildPhase;
			buildActionMask = 2147483647;
			files = (
			);
			runOnlyForDeploymentPostprocessing = 0;
		};
		111538A01FC5088D00F45393 /* Resources */ = {
			isa = PBXResourcesBuildPhase;
			buildActionMask = 2147483647;
			files = (
			);
			runOnlyForDeploymentPostprocessing = 0;
		};
/* End PBXResourcesBuildPhase section */

/* Begin PBXShellScriptBuildPhase section */
		93384317CDDD799AFC76794E /* [CP] Copy Pods Resources */ = {
			isa = PBXShellScriptBuildPhase;
			buildActionMask = 2147483647;
			files = (
			);
			inputPaths = (
			);
			name = "[CP] Copy Pods Resources";
			outputPaths = (
			);
			runOnlyForDeploymentPostprocessing = 0;
			shellPath = /bin/sh;
			shellScript = "\"${SRCROOT}/Pods/Target Support Files/Pods-自定义表格列数/Pods-自定义表格列数-resources.sh\"\n";
			showEnvVarsInLog = 0;
		};
		95B6C592D758B8771C16B00F /* [CP] Check Pods Manifest.lock */ = {
			isa = PBXShellScriptBuildPhase;
			buildActionMask = 2147483647;
			files = (
			);
			inputPaths = (
				"${PODS_PODFILE_DIR_PATH}/Podfile.lock",
				"${PODS_ROOT}/Manifest.lock",
			);
			name = "[CP] Check Pods Manifest.lock";
			outputPaths = (
				"$(DERIVED_FILE_DIR)/Pods-自定义表格列数-checkManifestLockResult.txt",
			);
			runOnlyForDeploymentPostprocessing = 0;
			shellPath = /bin/sh;
			shellScript = "diff \"${PODS_PODFILE_DIR_PATH}/Podfile.lock\" \"${PODS_ROOT}/Manifest.lock\" > /dev/null\nif [ $? != 0 ] ; then\n    # print error to STDERR\n    echo \"error: The sandbox is not in sync with the Podfile.lock. Run 'pod install' or update your CocoaPods installation.\" >&2\n    exit 1\nfi\n# This output is used by Xcode 'outputs' to avoid re-running this script phase.\necho \"SUCCESS\" > \"${SCRIPT_OUTPUT_FILE_0}\"\n";
			showEnvVarsInLog = 0;
		};
		DD8E2FD49384908F1145CAB4 /* [CP] Embed Pods Frameworks */ = {
			isa = PBXShellScriptBuildPhase;
			buildActionMask = 2147483647;
			files = (
			);
			inputPaths = (
			);
			name = "[CP] Embed Pods Frameworks";
			outputPaths = (
			);
			runOnlyForDeploymentPostprocessing = 0;
			shellPath = /bin/sh;
			shellScript = "\"${SRCROOT}/Pods/Target Support Files/Pods-自定义表格列数/Pods-自定义表格列数-frameworks.sh\"\n";
			showEnvVarsInLog = 0;
		};
/* End PBXShellScriptBuildPhase section */

/* Begin PBXSourcesBuildPhase section */
		1115387B1FC5088D00F45393 /* Sources */ = {
			isa = PBXSourcesBuildPhase;
			buildActionMask = 2147483647;
			files = (
				11A7963B1FC5111100B5B13A /* JQFormModel.m in Sources */,
				11A796381FC50F1500B5B13A /* JQBtnView.m in Sources */,
				111538871FC5088D00F45393 /* ViewController.m in Sources */,
				111538921FC5088D00F45393 /* main.m in Sources */,
				111538841FC5088D00F45393 /* AppDelegate.m in Sources */,
				11A796441FC5429000B5B13A /* NSString+Extension.m in Sources */,
				11A796301FC50AF200B5B13A /* JQFormTableView.m in Sources */,
				11A796341FC50C1200B5B13A /* JQFormCell.m in Sources */,
				11A796271FC5091700B5B13A /* UIView+views.m in Sources */,
				11A796411FC5175900B5B13A /* JQLineButton.m in Sources */,
			);
			runOnlyForDeploymentPostprocessing = 0;
		};
		111538931FC5088D00F45393 /* Sources */ = {
			isa = PBXSourcesBuildPhase;
			buildActionMask = 2147483647;
			files = (
				1115389C1FC5088D00F45393 /* _______Tests.m in Sources */,
			);
			runOnlyForDeploymentPostprocessing = 0;
		};
		1115389E1FC5088D00F45393 /* Sources */ = {
			isa = PBXSourcesBuildPhase;
			buildActionMask = 2147483647;
			files = (
				111538A71FC5088D00F45393 /* _______UITests.m in Sources */,
			);
			runOnlyForDeploymentPostprocessing = 0;
		};
/* End PBXSourcesBuildPhase section */

/* Begin PBXTargetDependency section */
		111538991FC5088D00F45393 /* PBXTargetDependency */ = {
			isa = PBXTargetDependency;
			target = 1115387E1FC5088D00F45393 /* 自定义表格列数 */;
			targetProxy = 111538981FC5088D00F45393 /* PBXContainerItemProxy */;
		};
		111538A41FC5088D00F45393 /* PBXTargetDependency */ = {
			isa = PBXTargetDependency;
			target = 1115387E1FC5088D00F45393 /* 自定义表格列数 */;
			targetProxy = 111538A31FC5088D00F45393 /* PBXContainerItemProxy */;
		};
/* End PBXTargetDependency section */

/* Begin PBXVariantGroup section */
		111538881FC5088D00F45393 /* Main.storyboard */ = {
			isa = PBXVariantGroup;
			children = (
				111538891FC5088D00F45393 /* Base */,
			);
			name = Main.storyboard;
			sourceTree = "<group>";
		};
		1115388D1FC5088D00F45393 /* LaunchScreen.storyboard */ = {
			isa = PBXVariantGroup;
			children = (
				1115388E1FC5088D00F45393 /* Base */,
			);
			name = LaunchScreen.storyboard;
			sourceTree = "<group>";
		};
/* End PBXVariantGroup section */

/* Begin XCBuildConfiguration section */
		111538A91FC5088D00F45393 /* Debug */ = {
			isa = XCBuildConfiguration;
			buildSettings = {
				ALWAYS_SEARCH_USER_PATHS = NO;
				CLANG_ANALYZER_NONNULL = YES;
				CLANG_ANALYZER_NUMBER_OBJECT_CONVERSION = YES_AGGRESSIVE;
				CLANG_CXX_LANGUAGE_STANDARD = "gnu++14";
				CLANG_CXX_LIBRARY = "libc++";
				CLANG_ENABLE_MODULES = YES;
				CLANG_ENABLE_OBJC_ARC = YES;
				CLANG_WARN_BLOCK_CAPTURE_AUTORELEASING = YES;
				CLANG_WARN_BOOL_CONVERSION = YES;
				CLANG_WARN_COMMA = YES;
				CLANG_WARN_CONSTANT_CONVERSION = YES;
				CLANG_WARN_DIRECT_OBJC_ISA_USAGE = YES_ERROR;
				CLANG_WARN_DOCUMENTATION_COMMENTS = YES;
				CLANG_WARN_EMPTY_BODY = YES;
				CLANG_WARN_ENUM_CONVERSION = YES;
				CLANG_WARN_INFINITE_RECURSION = YES;
				CLANG_WARN_INT_CONVERSION = YES;
				CLANG_WARN_NON_LITERAL_NULL_CONVERSION = YES;
				CLANG_WARN_OBJC_LITERAL_CONVERSION = YES;
				CLANG_WARN_OBJC_ROOT_CLASS = YES_ERROR;
				CLANG_WARN_RANGE_LOOP_ANALYSIS = YES;
				CLANG_WARN_STRICT_PROTOTYPES = YES;
				CLANG_WARN_SUSPICIOUS_MOVE = YES;
				CLANG_WARN_UNGUARDED_AVAILABILITY = YES_AGGRESSIVE;
				CLANG_WARN_UNREACHABLE_CODE = YES;
				CLANG_WARN__DUPLICATE_METHOD_MATCH = YES;
				CODE_SIGN_IDENTITY = "iPhone Developer";
				COPY_PHASE_STRIP = NO;
				DEBUG_INFORMATION_FORMAT = dwarf;
				ENABLE_STRICT_OBJC_MSGSEND = YES;
				ENABLE_TESTABILITY = YES;
				GCC_C_LANGUAGE_STANDARD = gnu11;
				GCC_DYNAMIC_NO_PIC = NO;
				GCC_NO_COMMON_BLOCKS = YES;
				GCC_OPTIMIZATION_LEVEL = 0;
				GCC_PREPROCESSOR_DEFINITIONS = (
					"DEBUG=1",
					"$(inherited)",
				);
				GCC_WARN_64_TO_32_BIT_CONVERSION = YES;
				GCC_WARN_ABOUT_RETURN_TYPE = YES_ERROR;
				GCC_WARN_UNDECLARED_SELECTOR = YES;
				GCC_WARN_UNINITIALIZED_AUTOS = YES_AGGRESSIVE;
				GCC_WARN_UNUSED_FUNCTION = YES;
				GCC_WARN_UNUSED_VARIABLE = YES;
				IPHONEOS_DEPLOYMENT_TARGET = 11.0;
				MTL_ENABLE_DEBUG_INFO = YES;
				ONLY_ACTIVE_ARCH = YES;
				SDKROOT = iphoneos;
			};
			name = Debug;
		};
		111538AA1FC5088D00F45393 /* Release */ = {
			isa = XCBuildConfiguration;
			buildSettings = {
				ALWAYS_SEARCH_USER_PATHS = NO;
				CLANG_ANALYZER_NONNULL = YES;
				CLANG_ANALYZER_NUMBER_OBJECT_CONVERSION = YES_AGGRESSIVE;
				CLANG_CXX_LANGUAGE_STANDARD = "gnu++14";
				CLANG_CXX_LIBRARY = "libc++";
				CLANG_ENABLE_MODULES = YES;
				CLANG_ENABLE_OBJC_ARC = YES;
				CLANG_WARN_BLOCK_CAPTURE_AUTORELEASING = YES;
				CLANG_WARN_BOOL_CONVERSION = YES;
				CLANG_WARN_COMMA = YES;
				CLANG_WARN_CONSTANT_CONVERSION = YES;
				CLANG_WARN_DIRECT_OBJC_ISA_USAGE = YES_ERROR;
				CLANG_WARN_DOCUMENTATION_COMMENTS = YES;
				CLANG_WARN_EMPTY_BODY = YES;
				CLANG_WARN_ENUM_CONVERSION = YES;
				CLANG_WARN_INFINITE_RECURSION = YES;
				CLANG_WARN_INT_CONVERSION = YES;
				CLANG_WARN_NON_LITERAL_NULL_CONVERSION = YES;
				CLANG_WARN_OBJC_LITERAL_CONVERSION = YES;
				CLANG_WARN_OBJC_ROOT_CLASS = YES_ERROR;
				CLANG_WARN_RANGE_LOOP_ANALYSIS = YES;
				CLANG_WARN_STRICT_PROTOTYPES = YES;
				CLANG_WARN_SUSPICIOUS_MOVE = YES;
				CLANG_WARN_UNGUARDED_AVAILABILITY = YES_AGGRESSIVE;
				CLANG_WARN_UNREACHABLE_CODE = YES;
				CLANG_WARN__DUPLICATE_METHOD_MATCH = YES;
				CODE_SIGN_IDENTITY = "iPhone Developer";
				COPY_PHASE_STRIP = NO;
				DEBUG_INFORMATION_FORMAT = "dwarf-with-dsym";
				ENABLE_NS_ASSERTIONS = NO;
				ENABLE_STRICT_OBJC_MSGSEND = YES;
				GCC_C_LANGUAGE_STANDARD = gnu11;
				GCC_NO_COMMON_BLOCKS = YES;
				GCC_WARN_64_TO_32_BIT_CONVERSION = YES;
				GCC_WARN_ABOUT_RETURN_TYPE = YES_ERROR;
				GCC_WARN_UNDECLARED_SELECTOR = YES;
				GCC_WARN_UNINITIALIZED_AUTOS = YES_AGGRESSIVE;
				GCC_WARN_UNUSED_FUNCTION = YES;
				GCC_WARN_UNUSED_VARIABLE = YES;
				IPHONEOS_DEPLOYMENT_TARGET = 11.0;
				MTL_ENABLE_DEBUG_INFO = NO;
				SDKROOT = iphoneos;
				VALIDATE_PRODUCT = YES;
			};
			name = Release;
		};
		111538AC1FC5088D00F45393 /* Debug */ = {
			isa = XCBuildConfiguration;
			baseConfigurationReference = F5038876FC4C20B5466B1DBF /* Pods-自定义表格列数.debug.xcconfig */;
			buildSettings = {
				ASSETCATALOG_COMPILER_APPICON_NAME = AppIcon;
				CODE_SIGN_STYLE = Automatic;
				DEVELOPMENT_TEAM = 26F8354XSZ;
				GCC_PRECOMPILE_PREFIX_HEADER = YES;
				GCC_PREFIX_HEADER = "/Users/hanjunqiang/Desktop/自定义表格列数/PrefixHeader.pch";
				INFOPLIST_FILE = "自定义表格列数/Info.plist";
				IPHONEOS_DEPLOYMENT_TARGET = 9.0;
				LD_RUNPATH_SEARCH_PATHS = "$(inherited) @executable_path/Frameworks";
				PRODUCT_BUNDLE_IDENTIFIER = "com.rcd.www.-------";
				PRODUCT_NAME = "$(TARGET_NAME)";
				TARGETED_DEVICE_FAMILY = "1,2";
			};
			name = Debug;
		};
		111538AD1FC5088D00F45393 /* Release */ = {
			isa = XCBuildConfiguration;
			baseConfigurationReference = 3E8EC698F8974544656C720F /* Pods-自定义表格列数.release.xcconfig */;
			buildSettings = {
				ASSETCATALOG_COMPILER_APPICON_NAME = AppIcon;
				CODE_SIGN_STYLE = Automatic;
				DEVELOPMENT_TEAM = 26F8354XSZ;
				GCC_PRECOMPILE_PREFIX_HEADER = YES;
				GCC_PREFIX_HEADER = "/Users/hanjunqiang/Desktop/自定义表格列数/PrefixHeader.pch";
				INFOPLIST_FILE = "自定义表格列数/Info.plist";
				IPHONEOS_DEPLOYMENT_TARGET = 9.0;
				LD_RUNPATH_SEARCH_PATHS = "$(inherited) @executable_path/Frameworks";
				PRODUCT_BUNDLE_IDENTIFIER = "com.rcd.www.-------";
				PRODUCT_NAME = "$(TARGET_NAME)";
				TARGETED_DEVICE_FAMILY = "1,2";
			};
			name = Release;
		};
		111538AF1FC5088D00F45393 /* Debug */ = {
			isa = XCBuildConfiguration;
			buildSettings = {
				BUNDLE_LOADER = "$(TEST_HOST)";
				CODE_SIGN_STYLE = Automatic;
				INFOPLIST_FILE = "自定义表格列数Tests/Info.plist";
				LD_RUNPATH_SEARCH_PATHS = "$(inherited) @executable_path/Frameworks @loader_path/Frameworks";
				PRODUCT_BUNDLE_IDENTIFIER = "com.rcd.www.-------Tests";
				PRODUCT_NAME = "$(TARGET_NAME)";
				TARGETED_DEVICE_FAMILY = "1,2";
				TEST_HOST = "$(BUILT_PRODUCTS_DIR)/自定义表格列数.app/自定义表格列数";
			};
			name = Debug;
		};
		111538B01FC5088D00F45393 /* Release */ = {
			isa = XCBuildConfiguration;
			buildSettings = {
				BUNDLE_LOADER = "$(TEST_HOST)";
				CODE_SIGN_STYLE = Automatic;
				INFOPLIST_FILE = "自定义表格列数Tests/Info.plist";
				LD_RUNPATH_SEARCH_PATHS = "$(inherited) @executable_path/Frameworks @loader_path/Frameworks";
				PRODUCT_BUNDLE_IDENTIFIER = "com.rcd.www.-------Tests";
				PRODUCT_NAME = "$(TARGET_NAME)";
				TARGETED_DEVICE_FAMILY = "1,2";
				TEST_HOST = "$(BUILT_PRODUCTS_DIR)/自定义表格列数.app/自定义表格列数";
			};
			name = Release;
		};
		111538B21FC5088D00F45393 /* Debug */ = {
			isa = XCBuildConfiguration;
			buildSettings = {
				CODE_SIGN_STYLE = Automatic;
				INFOPLIST_FILE = "自定义表格列数UITests/Info.plist";
				LD_RUNPATH_SEARCH_PATHS = "$(inherited) @executable_path/Frameworks @loader_path/Frameworks";
				PRODUCT_BUNDLE_IDENTIFIER = "com.rcd.www.-------UITests";
				PRODUCT_NAME = "$(TARGET_NAME)";
				TARGETED_DEVICE_FAMILY = "1,2";
				TEST_TARGET_NAME = "自定义表格列数";
			};
			name = Debug;
		};
		111538B31FC5088D00F45393 /* Release */ = {
			isa = XCBuildConfiguration;
			buildSettings = {
				CODE_SIGN_STYLE = Automatic;
				INFOPLIST_FILE = "自定义表格列数UITests/Info.plist";
				LD_RUNPATH_SEARCH_PATHS = "$(inherited) @executable_path/Frameworks @loader_path/Frameworks";
				PRODUCT_BUNDLE_IDENTIFIER = "com.rcd.www.-------UITests";
				PRODUCT_NAME = "$(TARGET_NAME)";
				TARGETED_DEVICE_FAMILY = "1,2";
				TEST_TARGET_NAME = "自定义表格列数";
			};
			name = Release;
		};
/* End XCBuildConfiguration section */

/* Begin XCConfigurationList section */
		1115387A1FC5088D00F45393 /* Build configuration list for PBXProject "自定义表格列数" */ = {
			isa = XCConfigurationList;
			buildConfigurations = (
				111538A91FC5088D00F45393 /* Debug */,
				111538AA1FC5088D00F45393 /* Release */,
			);
			defaultConfigurationIsVisible = 0;
			defaultConfigurationName = Release;
		};
		111538AB1FC5088D00F45393 /* Build configuration list for PBXNativeTarget "自定义表格列数" */ = {
			isa = XCConfigurationList;
			buildConfigurations = (
				111538AC1FC5088D00F45393 /* Debug */,
				111538AD1FC5088D00F45393 /* Release */,
			);
			defaultConfigurationIsVisible = 0;
			defaultConfigurationName = Release;
		};
		111538AE1FC5088D00F45393 /* Build configuration list for PBXNativeTarget "自定义表格列数Tests" */ = {
			isa = XCConfigurationList;
			buildConfigurations = (
				111538AF1FC5088D00F45393 /* Debug */,
				111538B01FC5088D00F45393 /* Release */,
			);
			defaultConfigurationIsVisible = 0;
			defaultConfigurationName = Release;
		};
		111538B11FC5088D00F45393 /* Build configuration list for PBXNativeTarget "自定义表格列数UITests" */ = {
			isa = XCConfigurationList;
			buildConfigurations = (
				111538B21FC5088D00F45393 /* Debug */,
				111538B31FC5088D00F45393 /* Release */,
			);
			defaultConfigurationIsVisible = 0;
			defaultConfigurationName = Release;
		};
/* End XCConfigurationList section */
	};
	rootObject = 111538771FC5088D00F45393 /* Project object */;
}
